{
  "requires": true,
  "lockfileVersion": 1,
  "dependencies": {
    "@dcloudio/uni-ui": {
      "version": "1.4.5",
      "resolved": "https://nexus.bizseer.com/repository/npm-group/@dcloudio/uni-ui/-/uni-ui-1.4.5.tgz",
      "integrity": "sha1-L1GkS78mRF7Mh7sekpyfoVq3CTw="
    },
    "uni-ui": {
      "version": "1.0.0",
      "resolved": "https://nexus.bizseer.com/repository/npm-group/uni-ui/-/uni-ui-1.0.0.tgz",
      "integrity": "sha1-cQrXvhkKaRY96z6iZ3pM1usN1Qs="
    },
    "uview-ui": {
      "version": "1.8.4",
      "resolved": "https://nexus.bizseer.com/repository/npm-group/uview-ui/-/uview-ui-1.8.4.tgz",
      "integrity": "sha1-4yu/I3lCHTGQIuMk4ct7U4fTvUQ="
    }
  }
}
